// !$*UTF8*$!
{
	archiveVersion = 1;
	classes = {
	};
	objectVersion = 56;
	objects = {

/* Begin PBXBuildFile section */
		2F3B7DD72976A8080019B6E8 /* Fifa_WarsApp.swift in Sources */ = {isa = PBXBuildFile; fileRef = 2F3B7DD62976A8080019B6E8 /* Fifa_WarsApp.swift */; };
		2F3B7DD92976A8080019B6E8 /* ContentView.swift in Sources */ = {isa = PBXBuildFile; fileRef = 2F3B7DD82976A8080019B6E8 /* ContentView.swift */; };
		2F3B7DDB2976A80C0019B6E8 /* Assets.xcassets in Resources */ = {isa = PBXBuildFile; fileRef = 2F3B7DDA2976A80C0019B6E8 /* Assets.xcassets */; };
		2F3B7DDE2976A80C0019B6E8 /* Preview Assets.xcassets in Resources */ = {isa = PBXBuildFile; fileRef = 2F3B7DDD2976A80C0019B6E8 /* Preview Assets.xcassets */; };
		2F3B7DEB2977F9820019B6E8 /* SignInViewModel.swift in Sources */ = {isa = PBXBuildFile; fileRef = 2F3B7DEA2977F9820019B6E8 /* SignInViewModel.swift */; };
		2F3B7DEF297805C30019B6E8 /* TableView.swift in Sources */ = {isa = PBXBuildFile; fileRef = 2F3B7DEE297805C30019B6E8 /* TableView.swift */; };
		2F3B7DF129781C320019B6E8 /* TableModel.swift in Sources */ = {isa = PBXBuildFile; fileRef = 2F3B7DF029781C320019B6E8 /* TableModel.swift */; };
		2F3B7DF3297AA5CA0019B6E8 /* Register.swift in Sources */ = {isa = PBXBuildFile; fileRef = 2F3B7DF2297AA5CA0019B6E8 /* Register.swift */; };
		2F3B7DF5297AA92F0019B6E8 /* RegisterViewModel.swift in Sources */ = {isa = PBXBuildFile; fileRef = 2F3B7DF4297AA92F0019B6E8 /* RegisterViewModel.swift */; };
		2F3B7DF7297ADF720019B6E8 /* RegisterModel.swift in Sources */ = {isa = PBXBuildFile; fileRef = 2F3B7DF6297ADF720019B6E8 /* RegisterModel.swift */; };
		2F3B7DFB297E99F00019B6E8 /* PasswordResetView.swift in Sources */ = {isa = PBXBuildFile; fileRef = 2F3B7DFA297E99F00019B6E8 /* PasswordResetView.swift */; };
		2F3B7DFF297E9D590019B6E8 /* PasswordViewModel.swift in Sources */ = {isa = PBXBuildFile; fileRef = 2F3B7DFE297E9D590019B6E8 /* PasswordViewModel.swift */; };
/* End PBXBuildFile section */

/* Begin PBXFileReference section */
		2F3B7DD32976A8080019B6E8 /* Fifa Wars.app */ = {isa = PBXFileReference; explicitFileType = wrapper.application; includeInIndex = 0; path = "Fifa Wars.app"; sourceTree = BUILT_PRODUCTS_DIR; };
		2F3B7DD62976A8080019B6E8 /* Fifa_WarsApp.swift */ = {isa = PBXFileReference; lastKnownFileType = sourcecode.swift; path = Fifa_WarsApp.swift; sourceTree = "<group>"; };
		2F3B7DD82976A8080019B6E8 /* ContentView.swift */ = {isa = PBXFileReference; lastKnownFileType = sourcecode.swift; path = ContentView.swift; sourceTree = "<group>"; };
		2F3B7DDA2976A80C0019B6E8 /* Assets.xcassets */ = {isa = PBXFileReference; lastKnownFileType = folder.assetcatalog; path = Assets.xcassets; sourceTree = "<group>"; };
		2F3B7DDD2976A80C0019B6E8 /* Preview Assets.xcassets */ = {isa = PBXFileReference; lastKnownFileType = folder.assetcatalog; path = "Preview Assets.xcassets"; sourceTree = "<group>"; };
		2F3B7DEA2977F9820019B6E8 /* SignInViewModel.swift */ = {isa = PBXFileReference; lastKnownFileType = sourcecode.swift; path = SignInViewModel.swift; sourceTree = "<group>"; };
		2F3B7DEE297805C30019B6E8 /* TableView.swift */ = {isa = PBXFileReference; lastKnownFileType = sourcecode.swift; path = TableView.swift; sourceTree = "<group>"; };
		2F3B7DF029781C320019B6E8 /* TableModel.swift */ = {isa = PBXFileReference; lastKnownFileType = sourcecode.swift; path = TableModel.swift; sourceTree = "<group>"; };
		2F3B7DF2297AA5CA0019B6E8 /* Register.swift */ = {isa = PBXFileReference; lastKnownFileType = sourcecode.swift; path = Register.swift; sourceTree = "<group>"; };
		2F3B7DF4297AA92F0019B6E8 /* RegisterViewModel.swift */ = {isa = PBXFileReference; lastKnownFileType = sourcecode.swift; path = RegisterViewModel.swift; sourceTree = "<group>"; };
		2F3B7DF6297ADF720019B6E8 /* RegisterModel.swift */ = {isa = PBXFileReference; lastKnownFileType = sourcecode.swift; path = RegisterModel.swift; sourceTree = "<group>"; };
		2F3B7DFA297E99F00019B6E8 /* PasswordResetView.swift */ = {isa = PBXFileReference; lastKnownFileType = sourcecode.swift; path = PasswordResetView.swift; sourceTree = "<group>"; };
		2F3B7DFE297E9D590019B6E8 /* PasswordViewModel.swift */ = {isa = PBXFileReference; lastKnownFileType = sourcecode.swift; path = PasswordViewModel.swift; sourceTree = "<group>"; };
/* End PBXFileReference section */

/* Begin PBXFrameworksBuildPhase section */
		2F3B7DD02976A8080019B6E8 /* Frameworks */ = {
			isa = PBXFrameworksBuildPhase;
			buildActionMask = 2147483647;
			files = (
			);
			runOnlyForDeploymentPostprocessing = 0;
		};
/* End PBXFrameworksBuildPhase section */

/* Begin PBXGroup section */
		2F3B7DCA2976A8080019B6E8 = {
			isa = PBXGroup;
			children = (
				2F3B7DD52976A8080019B6E8 /* Fifa Wars */,
				2F3B7DD42976A8080019B6E8 /* Products */,
			);
			sourceTree = "<group>";
		};
		2F3B7DD42976A8080019B6E8 /* Products */ = {
			isa = PBXGroup;
			children = (
				2F3B7DD32976A8080019B6E8 /* Fifa Wars.app */,
			);
			name = Products;
			sourceTree = "<group>";
		};
		2F3B7DD52976A8080019B6E8 /* Fifa Wars */ = {
			isa = PBXGroup;
			children = (
				2F3B7DE72976A8540019B6E8 /* ViewModels */,
				2F3B7DE62976A84A0019B6E8 /* Models */,
				2F3B7DE42976A82E0019B6E8 /* Views */,
				2F3B7DD62976A8080019B6E8 /* Fifa_WarsApp.swift */,
				2F3B7DD82976A8080019B6E8 /* ContentView.swift */,
				2F3B7DDA2976A80C0019B6E8 /* Assets.xcassets */,
				2F3B7DDC2976A80C0019B6E8 /* Preview Content */,
			);
			path = "Fifa Wars";
			sourceTree = "<group>";
		};
		2F3B7DDC2976A80C0019B6E8 /* Preview Content */ = {
			isa = PBXGroup;
			children = (
				2F3B7DDD2976A80C0019B6E8 /* Preview Assets.xcassets */,
			);
			path = "Preview Content";
			sourceTree = "<group>";
		};
		2F3B7DE42976A82E0019B6E8 /* Views */ = {
			isa = PBXGroup;
			children = (
				2F3B7DEE297805C30019B6E8 /* TableView.swift */,
				2F3B7DF2297AA5CA0019B6E8 /* Register.swift */,
				2F3B7DFA297E99F00019B6E8 /* PasswordResetView.swift */,
			);
			path = Views;
			sourceTree = "<group>";
		};
		2F3B7DE62976A84A0019B6E8 /* Models */ = {
			isa = PBXGroup;
			children = (
				2F3B7DF029781C320019B6E8 /* TableModel.swift */,
				2F3B7DF6297ADF720019B6E8 /* RegisterModel.swift */,
			);
			path = Models;
			sourceTree = "<group>";
		};
		2F3B7DE72976A8540019B6E8 /* ViewModels */ = {
			isa = PBXGroup;
			children = (
				2F3B7DEA2977F9820019B6E8 /* SignInViewModel.swift */,
				2F3B7DF4297AA92F0019B6E8 /* RegisterViewModel.swift */,
				2F3B7DFE297E9D590019B6E8 /* PasswordViewModel.swift */,
			);
			path = ViewModels;
			sourceTree = "<group>";
		};
/* End PBXGroup section */

/* Begin PBXNativeTarget section */
		2F3B7DD22976A8080019B6E8 /* Fifa Wars */ = {
			isa = PBXNativeTarget;
			buildConfigurationList = 2F3B7DE12976A80C0019B6E8 /* Build configuration list for PBXNativeTarget "Fifa Wars" */;
			buildPhases = (
				2F3B7DCF2976A8080019B6E8 /* Sources */,
				2F3B7DD02976A8080019B6E8 /* Frameworks */,
				2F3B7DD12976A8080019B6E8 /* Resources */,
			);
			buildRules = (
			);
			dependencies = (
			);
			name = "Fifa Wars";
			productName = "Fifa Wars";
			productReference = 2F3B7DD32976A8080019B6E8 /* Fifa Wars.app */;
			productType = "com.apple.product-type.application";
		};
/* End PBXNativeTarget section */

/* Begin PBXProject section */
		2F3B7DCB2976A8080019B6E8 /* Project object */ = {
			isa = PBXProject;
			attributes = {
				BuildIndependentTargetsInParallel = 1;
				LastSwiftUpdateCheck = 1420;
				LastUpgradeCheck = 1420;
				TargetAttributes = {
					2F3B7DD22976A8080019B6E8 = {
						CreatedOnToolsVersion = 14.2;
					};
				};
			};
			buildConfigurationList = 2F3B7DCE2976A8080019B6E8 /* Build configuration list for PBXProject "Fifa Wars" */;
			compatibilityVersion = "Xcode 14.0";
			developmentRegion = en;
			hasScannedForEncodings = 0;
			knownRegions = (
				en,
				Base,
			);
			mainGroup = 2F3B7DCA2976A8080019B6E8;
			productRefGroup = 2F3B7DD42976A8080019B6E8 /* Products */;
			projectDirPath = "";
			projectRoot = "";
			targets = (
				2F3B7DD22976A8080019B6E8 /* Fifa Wars */,
			);
		};
/* End PBXProject section */

/* Begin PBXResourcesBuildPhase section */
		2F3B7DD12976A8080019B6E8 /* Resources */ = {
			isa = PBXResourcesBuildPhase;
			buildActionMask = 2147483647;
			files = (
				2F3B7DDE2976A80C0019B6E8 /* Preview Assets.xcassets in Resources */,
				2F3B7DDB2976A80C0019B6E8 /* Assets.xcassets in Resources */,
			);
			runOnlyForDeploymentPostprocessing = 0;
		};
/* End PBXResourcesBuildPhase section */

/* Begin PBXSourcesBuildPhase section */
		2F3B7DCF2976A8080019B6E8 /* Sources */ = {
			isa = PBXSourcesBuildPhase;
			buildActionMask = 2147483647;
			files = (
				2F3B7DF3297AA5CA0019B6E8 /* Register.swift in Sources */,
				2F3B7DD92976A8080019B6E8 /* ContentView.swift in Sources */,
				2F3B7DF5297AA92F0019B6E8 /* RegisterViewModel.swift in Sources */,
				2F3B7DEF297805C30019B6E8 /* TableView.swift in Sources */,
				2F3B7DF7297ADF720019B6E8 /* RegisterModel.swift in Sources */,
				2F3B7DEB2977F9820019B6E8 /* SignInViewModel.swift in Sources */,
				2F3B7DFB297E99F00019B6E8 /* PasswordResetView.swift in Sources */,
				2F3B7DD72976A8080019B6E8 /* Fifa_WarsApp.swift in Sources */,
				2F3B7DF129781C320019B6E8 /* TableModel.swift in Sources */,
				2F3B7DFF297E9D590019B6E8 /* PasswordViewModel.swift in Sources */,
			);
			runOnlyForDeploymentPostprocessing = 0;
		};
/* End PBXSourcesBuildPhase section */

/* Begin XCBuildConfiguration section */
		2F3B7DDF2976A80C0019B6E8 /* Debug */ = {
			isa = XCBuildConfiguration;
			buildSettings = {
				ALWAYS_SEARCH_USER_PATHS = NO;
				CLANG_ANALYZER_NONNULL = YES;
				CLANG_ANALYZER_NUMBER_OBJECT_CONVERSION = YES_AGGRESSIVE;
				CLANG_CXX_LANGUAGE_STANDARD = "gnu++20";
				CLANG_ENABLE_MODULES = YES;
				CLANG_ENABLE_OBJC_ARC = YES;
				CLANG_ENABLE_OBJC_WEAK = YES;
				CLANG_WARN_BLOCK_CAPTURE_AUTORELEASING = YES;
				CLANG_WARN_BOOL_CONVERSION = YES;
				CLANG_WARN_COMMA = YES;
				CLANG_WARN_CONSTANT_CONVERSION = YES;
				CLANG_WARN_DEPRECATED_OBJC_IMPLEMENTATIONS = YES;
				CLANG_WARN_DIRECT_OBJC_ISA_USAGE = YES_ERROR;
				CLANG_WARN_DOCUMENTATION_COMMENTS = YES;
				CLANG_WARN_EMPTY_BODY = YES;
				CLANG_WARN_ENUM_CONVERSION = YES;
				CLANG_WARN_INFINITE_RECURSION = YES;
				CLANG_WARN_INT_CONVERSION = YES;
				CLANG_WARN_NON_LITERAL_NULL_CONVERSION = YES;
				CLANG_WARN_OBJC_IMPLICIT_RETAIN_SELF = YES;
				CLANG_WARN_OBJC_LITERAL_CONVERSION = YES;
				CLANG_WARN_OBJC_ROOT_CLASS = YES_ERROR;
				CLANG_WARN_QUOTED_INCLUDE_IN_FRAMEWORK_HEADER = YES;
				CLANG_WARN_RANGE_LOOP_ANALYSIS = YES;
				CLANG_WARN_STRICT_PROTOTYPES = YES;
				CLANG_WARN_SUSPICIOUS_MOVE = YES;
				CLANG_WARN_UNGUARDED_AVAILABILITY = YES_AGGRESSIVE;
				CLANG_WARN_UNREACHABLE_CODE = YES;
				CLANG_WARN__DUPLICATE_METHOD_MATCH = YES;
				COPY_PHASE_STRIP = NO;
				DEBUG_INFORMATION_FORMAT = dwarf;
				ENABLE_STRICT_OBJC_MSGSEND = YES;
				ENABLE_TESTABILITY = YES;
				GCC_C_LANGUAGE_STANDARD = gnu11;
				GCC_DYNAMIC_NO_PIC = NO;
				GCC_NO_COMMON_BLOCKS = YES;
				GCC_OPTIMIZATION_LEVEL = 0;
				GCC_PREPROCESSOR_DEFINITIONS = (
					"DEBUG=1",
					"$(inherited)",
				);
				GCC_WARN_64_TO_32_BIT_CONVERSION = YES;
				GCC_WARN_ABOUT_RETURN_TYPE = YES_ERROR;
				GCC_WARN_UNDECLARED_SELECTOR = YES;
				GCC_WARN_UNINITIALIZED_AUTOS = YES_AGGRESSIVE;
				GCC_WARN_UNUSED_FUNCTION = YES;
				GCC_WARN_UNUSED_VARIABLE = YES;
				IPHONEOS_DEPLOYMENT_TARGET = 16.2;
				MTL_ENABLE_DEBUG_INFO = INCLUDE_SOURCE;
				MTL_FAST_MATH = YES;
				ONLY_ACTIVE_ARCH = YES;
				SDKROOT = iphoneos;
				SWIFT_ACTIVE_COMPILATION_CONDITIONS = DEBUG;
				SWIFT_OPTIMIZATION_LEVEL = "-Onone";
			};
			name = Debug;
		};
		2F3B7DE02976A80C0019B6E8 /* Release */ = {
			isa = XCBuildConfiguration;
			buildSettings = {
				ALWAYS_SEARCH_USER_PATHS = NO;
				CLANG_ANALYZER_NONNULL = YES;
				CLANG_ANALYZER_NUMBER_OBJECT_CONVERSION = YES_AGGRESSIVE;
				CLANG_CXX_LANGUAGE_STANDARD = "gnu++20";
				CLANG_ENABLE_MODULES = YES;
				CLANG_ENABLE_OBJC_ARC = YES;
				CLANG_ENABLE_OBJC_WEAK = YES;
				CLANG_WARN_BLOCK_CAPTURE_AUTORELEASING = YES;
				CLANG_WARN_BOOL_CONVERSION = YES;
				CLANG_WARN_COMMA = YES;
				CLANG_WARN_CONSTANT_CONVERSION = YES;
				CLANG_WARN_DEPRECATED_OBJC_IMPLEMENTATIONS = YES;
				CLANG_WARN_DIRECT_OBJC_ISA_USAGE = YES_ERROR;
				CLANG_WARN_DOCUMENTATION_COMMENTS = YES;
				CLANG_WARN_EMPTY_BODY = YES;
				CLANG_WARN_ENUM_CONVERSION = YES;
				CLANG_WARN_INFINITE_RECURSION = YES;
				CLANG_WARN_INT_CONVERSION = YES;
				CLANG_WARN_NON_LITERAL_NULL_CONVERSION = YES;
				CLANG_WARN_OBJC_IMPLICIT_RETAIN_SELF = YES;
				CLANG_WARN_OBJC_LITERAL_CONVERSION = YES;
				CLANG_WARN_OBJC_ROOT_CLASS = YES_ERROR;
				CLANG_WARN_QUOTED_INCLUDE_IN_FRAMEWORK_HEADER = YES;
				CLANG_WARN_RANGE_LOOP_ANALYSIS = YES;
				CLANG_WARN_STRICT_PROTOTYPES = YES;
				CLANG_WARN_SUSPICIOUS_MOVE = YES;
				CLANG_WARN_UNGUARDED_AVAILABILITY = YES_AGGRESSIVE;
				CLANG_WARN_UNREACHABLE_CODE = YES;
				CLANG_WARN__DUPLICATE_METHOD_MATCH = YES;
				COPY_PHASE_STRIP = NO;
				DEBUG_INFORMATION_FORMAT = "dwarf-with-dsym";
				ENABLE_NS_ASSERTIONS = NO;
				ENABLE_STRICT_OBJC_MSGSEND = YES;
				GCC_C_LANGUAGE_STANDARD = gnu11;
				GCC_NO_COMMON_BLOCKS = YES;
				GCC_WARN_64_TO_32_BIT_CONVERSION = YES;
				GCC_WARN_ABOUT_RETURN_TYPE = YES_ERROR;
				GCC_WARN_UNDECLARED_SELECTOR = YES;
				GCC_WARN_UNINITIALIZED_AUTOS = YES_AGGRESSIVE;
				GCC_WARN_UNUSED_FUNCTION = YES;
				GCC_WARN_UNUSED_VARIABLE = YES;
				IPHONEOS_DEPLOYMENT_TARGET = 16.2;
				MTL_ENABLE_DEBUG_INFO = NO;
				MTL_FAST_MATH = YES;
				SDKROOT = iphoneos;
				SWIFT_COMPILATION_MODE = wholemodule;
				SWIFT_OPTIMIZATION_LEVEL = "-O";
				VALIDATE_PRODUCT = YES;
			};
			name = Release;
		};
		2F3B7DE22976A80C0019B6E8 /* Debug */ = {
			isa = XCBuildConfiguration;
			buildSettings = {
				ASSETCATALOG_COMPILER_APPICON_NAME = AppIcon;
				ASSETCATALOG_COMPILER_GLOBAL_ACCENT_COLOR_NAME = Maroon;
				CODE_SIGN_STYLE = Automatic;
				CURRENT_PROJECT_VERSION = 1;
				DEVELOPMENT_ASSET_PATHS = "\"Fifa Wars/Preview Content\"";
				DEVELOPMENT_TEAM = C25857C3M7;
				ENABLE_PREVIEWS = YES;
				GENERATE_INFOPLIST_FILE = YES;
				INFOPLIST_KEY_UIApplicationSceneManifest_Generation = YES;
				INFOPLIST_KEY_UIApplicationSupportsIndirectInputEvents = YES;
				INFOPLIST_KEY_UILaunchScreen_Generation = YES;
				INFOPLIST_KEY_UISupportedInterfaceOrientations_iPad = "UIInterfaceOrientationPortrait UIInterfaceOrientationPortraitUpsideDown UIInterfaceOrientationLandscapeLeft UIInterfaceOrientationLandscapeRight";
				INFOPLIST_KEY_UISupportedInterfaceOrientations_iPhone = "UIInterfaceOrientationPortrait UIInterfaceOrientationLandscapeLeft UIInterfaceOrientationLandscapeRight";
				LD_RUNPATH_SEARCH_PATHS = (
					"$(inherited)",
					"@executable_path/Frameworks",
				);
				MARKETING_VERSION = 1.0;
				PRODUCT_BUNDLE_IDENTIFIER = "Sharma-McGavin.Fifa-Wars";
				PRODUCT_NAME = "$(TARGET_NAME)";
				SWIFT_EMIT_LOC_STRINGS = YES;
				SWIFT_VERSION = 5.0;
				TARGETED_DEVICE_FAMILY = "1,2";
			};
			name = Debug;
		};
		2F3B7DE32976A80C0019B6E8 /* Release */ = {
			isa = XCBuildConfiguration;
			buildSettings = {
				ASSETCATALOG_COMPILER_APPICON_NAME = AppIcon;
				ASSETCATALOG_COMPILER_GLOBAL_ACCENT_COLOR_NAME = Maroon;
				CODE_SIGN_STYLE = Automatic;
				CURRENT_PROJECT_VERSION = 1;
				DEVELOPMENT_ASSET_PATHS = "\"Fifa Wars/Preview Content\"";
				DEVELOPMENT_TEAM = C25857C3M7;
				ENABLE_PREVIEWS = YES;
				GENERATE_INFOPLIST_FILE = YES;
				INFOPLIST_KEY_UIApplicationSceneManifest_Generation = YES;
				INFOPLIST_KEY_UIApplicationSupportsIndirectInputEvents = YES;
				INFOPLIST_KEY_UILaunchScreen_Generation = YES;
				INFOPLIST_KEY_UISupportedInterfaceOrientations_iPad = "UIInterfaceOrientationPortrait UIInterfaceOrientationPortraitUpsideDown UIInterfaceOrientationLandscapeLeft UIInterfaceOrientationLandscapeRight";
				INFOPLIST_KEY_UISupportedInterfaceOrientations_iPhone = "UIInterfaceOrientationPortrait UIInterfaceOrientationLandscapeLeft UIInterfaceOrientationLandscapeRight";
				LD_RUNPATH_SEARCH_PATHS = (
					"$(inherited)",
					"@executable_path/Frameworks",
				);
				MARKETING_VERSION = 1.0;
				PRODUCT_BUNDLE_IDENTIFIER = "Sharma-McGavin.Fifa-Wars";
				PRODUCT_NAME = "$(TARGET_NAME)";
				SWIFT_EMIT_LOC_STRINGS = YES;
				SWIFT_VERSION = 5.0;
				TARGETED_DEVICE_FAMILY = "1,2";
			};
			name = Release;
		};
/* End XCBuildConfiguration section */

/* Begin XCConfigurationList section */
		2F3B7DCE2976A8080019B6E8 /* Build configuration list for PBXProject "Fifa Wars" */ = {
			isa = XCConfigurationList;
			buildConfigurations = (
				2F3B7DDF2976A80C0019B6E8 /* Debug */,
				2F3B7DE02976A80C0019B6E8 /* Release */,
			);
			defaultConfigurationIsVisible = 0;
			defaultConfigurationName = Release;
		};
		2F3B7DE12976A80C0019B6E8 /* Build configuration list for PBXNativeTarget "Fifa Wars" */ = {
			isa = XCConfigurationList;
			buildConfigurations = (
				2F3B7DE22976A80C0019B6E8 /* Debug */,
				2F3B7DE32976A80C0019B6E8 /* Release */,
			);
			defaultConfigurationIsVisible = 0;
			defaultConfigurationName = Release;
		};
/* End XCConfigurationList section */
	};
	rootObject = 2F3B7DCB2976A8080019B6E8 /* Project object */;
}
